<Solution>
    <Configurations>
        <Platform Name="x64"/>
    </Configurations>

    <Folder Name="/Source/">
        <Project Path="src/AwesomeMediaPlayer/AwesomeMediaPlayer.csproj">
            <Platform Solution="*|x64" Project="x64"/>
            <Deploy/>
        </Project>
    </Folder>
</Solution>
